
Microsoft Visual Studio Solution File, Format Version 9.00
# Visual Studio 2005
# SharpDevelop 4.3
Project("{FAE04EC0-301F-11D3-BF4B-00C04F79EFBC}") = "ESP_Notifications_WSE", "ESP_Notifications_WCF\ESP_Notifications_WSE.csproj", "{D30F8B96-249C-4367-9BB0-356BF2C29579}"
EndProject
Global
	GlobalSection(SolutionConfigurationPlatforms) = preSolution
		Debug|Any CPU = Debug|Any CPU
		Release|Any CPU = Release|Any CPU
	EndGlobalSection
	GlobalSection(ProjectConfigurationPlatforms) = postSolution
		{D30F8B96-249C-4367-9BB0-356BF2C29579}.Debug|Any CPU.Build.0 = Debug|Any CPU
		{D30F8B96-249C-4367-9BB0-356BF2C29579}.Debug|Any CPU.ActiveCfg = Debug|Any CPU
		{D30F8B96-249C-4367-9BB0-356BF2C29579}.Release|Any CPU.Build.0 = Release|Any CPU
		{D30F8B96-249C-4367-9BB0-356BF2C29579}.Release|Any CPU.ActiveCfg = Release|Any CPU
	EndGlobalSection
EndGlobal
