
Microsoft Visual Studio Solution File, Format Version 11.00
# Visual Studio 2010
# SharpDevelop 4.3
Project("{FAE04EC0-301F-11D3-BF4B-00C04F79EFBC}") = "TemporaryUCRNCleaningandConverting", "TemporaryUCRNCleaningandConverting\TemporaryUCRNCleaningandConverting.csproj", "{3C246353-7064-48F3-920B-252608E8BFFC}"
EndProject
Global
	GlobalSection(SolutionConfigurationPlatforms) = preSolution
		Debug|Any CPU = Debug|Any CPU
		Release|Any CPU = Release|Any CPU
	EndGlobalSection
	GlobalSection(ProjectConfigurationPlatforms) = postSolution
		{3C246353-7064-48F3-920B-252608E8BFFC}.Debug|Any CPU.Build.0 = Debug|Any CPU
		{3C246353-7064-48F3-920B-252608E8BFFC}.Debug|Any CPU.ActiveCfg = Debug|Any CPU
		{3C246353-7064-48F3-920B-252608E8BFFC}.Release|Any CPU.Build.0 = Release|Any CPU
		{3C246353-7064-48F3-920B-252608E8BFFC}.Release|Any CPU.ActiveCfg = Release|Any CPU
	EndGlobalSection
EndGlobal
