
Microsoft Visual Studio Solution File, Format Version 9.00
# Visual Studio 2005
# SharpDevelop 4.2.1.8805
Project("{FAE04EC0-301F-11D3-BF4B-00C04F79EFBC}") = "CMSFileMatching", "CMSFileMatching.csproj", "{734C604F-25DE-4E38-8C4C-D6D50DB9FC52}"
EndProject
Global
	GlobalSection(SolutionConfigurationPlatforms) = preSolution
		Debug|x86 = Debug|x86
		Release|x86 = Release|x86
		Debug|x86 = Debug|x86
		Release|x86 = Release|x86
	EndGlobalSection
	GlobalSection(ProjectConfigurationPlatforms) = postSolution
		{734C604F-25DE-4E38-8C4C-D6D50DB9FC52}.Debug|x86.Build.0 = Debug|x86
		{734C604F-25DE-4E38-8C4C-D6D50DB9FC52}.Debug|x86.ActiveCfg = Debug|x86
		{734C604F-25DE-4E38-8C4C-D6D50DB9FC52}.Release|x86.Build.0 = Release|x86
		{734C604F-25DE-4E38-8C4C-D6D50DB9FC52}.Release|x86.ActiveCfg = Release|x86
	EndGlobalSection
EndGlobal
