
Microsoft Visual Studio Solution File, Format Version 11.00
# Visual Studio 2010
# SharpDevelop 4.3
Project("{FAE04EC0-301F-11D3-BF4B-00C04F79EFBC}") = "GUIDResolution", "GUIDResolution.csproj", "{490BF3FC-1DB8-4697-8536-CA95309DDB2A}"
EndProject
Global
	GlobalSection(SolutionConfigurationPlatforms) = preSolution
		Debug|Any CPU = Debug|Any CPU
		Release|Any CPU = Release|Any CPU
	EndGlobalSection
	GlobalSection(ProjectConfigurationPlatforms) = postSolution
		{490BF3FC-1DB8-4697-8536-CA95309DDB2A}.Debug|Any CPU.Build.0 = Debug|Any CPU
		{490BF3FC-1DB8-4697-8536-CA95309DDB2A}.Debug|Any CPU.ActiveCfg = Debug|Any CPU
		{490BF3FC-1DB8-4697-8536-CA95309DDB2A}.Release|Any CPU.Build.0 = Release|Any CPU
		{490BF3FC-1DB8-4697-8536-CA95309DDB2A}.Release|Any CPU.ActiveCfg = Release|Any CPU
	EndGlobalSection
EndGlobal
